filippo.io/edwards25519 v1.1.0 h1:FNf4tywRC1HmFuKW5xopWpigGjJKiJSV0Cqo0cJWDaA=
filippo.io/edwards25519 v1.1.0/go.mod h1:BxyFTGdWcka3PhytdK4V28tE5sGfRvvvRV7EaN4VDT4=
github.com/asaskevich/govalidator v0.0.0-20230301143203-a9d515a09cc2 h1:DklsrG3dyBCFEj5IhUbnKptjxatkF07cF2ak3yi77so=
github.com/asaskevich/govalidator v0.0.0-20230301143203-a9d515a09cc2/go.mod h1:WaHUgvxTVq04UNunO+XhnAqY/wQc+bxr74GqbsZ/Jqw=
github.com/cenkalti/backoff/v3 v3.2.2 h1:cfUAAO3yvKMYKPrvhDuHSwQnhZNk/RMHKdZqKTxfm6M=
github.com/cenkalti/backoff/v3 v3.2.2/go.mod h1:cIeZDE3IrqwwJl6VUwCN6trj1oXrTS4rc0ij+ULvLYs=
github.com/cespare/xxhash/v2 v2.3.0 h1:UL815xU9SqsFlibzuggzjXhog7bL6oX9BbNZnL2UFvs=
github.com/cespare/xxhash/v2 v2.3.0/go.mod h1:VGX0DQ3Q6kWi7AoAeZDth3/j3BFtOZR5XLFGgcrjCOs=
github.com/crypto-bundle/bc-wallet-common-lib-config v0.0.8 h1:sWDjzD4l98HU+QeOhAes+VfA7Xzxe3FoItC9qq//2SY=
github.com/crypto-bundle/bc-wallet-common-lib-config v0.0.8/go.mod h1:VIRdXW2HfW/sreGOApWVzwt8Zr6gMfRnbIGx/sj+J58=
github.com/crypto-bundle/bc-wallet-common-lib-errors v0.0.10 h1:uJOr+PPioQZV9pJAWHoo/WEkAYHr8/qliJOnkLCsj+8=
github.com/crypto-bundle/bc-wallet-common-lib-errors v0.0.10/go.mod h1:2nyQ6SdQYt+7g7gYO6F31lsphhwTULEVv4AFFAAUyp0=
github.com/crypto-bundle/bc-wallet-common-lib-grpc v0.0.6 h1:gKOlsyZSzx3M4qubWLUu6+zX4cs+QEeG2/ECwWPILwE=
github.com/crypto-bundle/bc-wallet-common-lib-grpc v0.0.6/go.mod h1:xOGne78Jk204xJT/2X245/uwNiqTw5mQcv+cUx4m7gA=
github.com/crypto-bundle/bc-wallet-common-lib-healthcheck v0.0.9 h1:7eloaBJv9bTMhXmhYYycs/OVhL2besV6r0wOCGObkpE=
github.com/crypto-bundle/bc-wallet-common-lib-healthcheck v0.0.9/go.mod h1:vXqigP6xWahtXnJ9SKZAtGWMO9Q1chLdKK9huJawz6U=
github.com/crypto-bundle/bc-wallet-common-lib-jwt v0.0.6 h1:ggrZEgrOvfE1oDgzhd4zSsz4vqDq80Yvtq/riBVlK58=
github.com/crypto-bundle/bc-wallet-common-lib-jwt v0.0.6/go.mod h1:fOBKBwEuwTQzaTxNh8f4hsjq9p8AAM/jABI+R5hGEAg=
github.com/crypto-bundle/bc-wallet-common-lib-logger v0.0.12 h1:HiRnQ9Yq4bIufWzjHBlWEjydrEyQ/4GYqPXxYULeVtE=
github.com/crypto-bundle/bc-wallet-common-lib-logger v0.0.12/go.mod h1:XKJBnm9VxL/1gfWzeV32tb1bhjmYg1e9PV8WUvYUZ/k=
github.com/crypto-bundle/bc-wallet-common-lib-nats-queue v0.1.14 h1:3DfPgUtgMd5tBJWAF7trCB+QIh5Wlox5T0rfrsulscc=
github.com/crypto-bundle/bc-wallet-common-lib-nats-queue v0.1.14/go.mod h1:pDEKJZb7mFiSD/DVHIjJSKo23alOAOw2WOk9MPc7WgA=
github.com/crypto-bundle/bc-wallet-common-lib-postgres v0.0.11 h1:B6zzXyDZDzDQ+TqM6kbgzWrx2XX/05x+BvjuOib1fLw=
github.com/crypto-bundle/bc-wallet-common-lib-postgres v0.0.11/go.mod h1:Clp6WVV2AZSXgAe08OKB+eO0qG2Mo0wnw/2tlpWiTAY=
github.com/crypto-bundle/bc-wallet-common-lib-profiler v0.0.3 h1:OR9vh9xCfkqZrSG7pFj8KEn8XkJ0rJj6y6t0ZooObKE=
github.com/crypto-bundle/bc-wallet-common-lib-profiler v0.0.3/go.mod h1:PPrQErZNYtRvNpo3AVfIYHIz8uTO2F8dV2AiGeXQSbw=
github.com/crypto-bundle/bc-wallet-common-lib-redis v0.0.10 h1:C0ZP4fqNBopdWOMY4UpYeKs2SzIQhlidiqpJ9n7wfPM=
github.com/crypto-bundle/bc-wallet-common-lib-redis v0.0.10/go.mod h1:vgT3Gy2sfYH89xCGxvuaaKTZFRl2mjWgpR+zgThqqOY=
github.com/crypto-bundle/bc-wallet-common-lib-tinyerrors v0.0.3 h1:H5dKcgNd7Kg2Z/NODpyQ4bvw/n2B/FYRo+EwYZ1kNlo=
github.com/crypto-bundle/bc-wallet-common-lib-tinyerrors v0.0.3/go.mod h1:3t59AYrSY9xto1cC3phlkHk6SioZQzP7wIDX7tq1J9M=
github.com/crypto-bundle/bc-wallet-common-lib-tracer v0.0.5 h1:bgJ3pIT7N2m40z3gWuFzbhjqzLpbfDnkhBZNxmRFDTA=
github.com/crypto-bundle/bc-wallet-common-lib-tracer v0.0.5/go.mod h1:EzRJ4Oq8oM3HZgH9mrsOSpX+GHjS6RY0DDxi/ucqh1E=
github.com/crypto-bundle/bc-wallet-common-lib-vault v0.0.20 h1:wxNNGFgaOz2hWe9zHn4s/1Lfb88lY83Sc0oIt9TLl+w=
github.com/crypto-bundle/bc-wallet-common-lib-vault v0.0.20/go.mod h1:6biFbXVymatOPd9dUQWjFTnG+uVf69bFurN6za1qKLM=
github.com/davecgh/go-spew v1.1.1 h1:vj9j/u1bqnvCEfJOwUhtlOARqs3+rkHYY13jYWTU97c=
github.com/davecgh/go-spew v1.1.1/go.mod h1:J7Y8YcW2NihsgmVo/mv3lAwl/skON4iLHjSsI+c5H38=
github.com/dgryski/go-rendezvous v0.0.0-20200823014737-9f7001d12a5f h1:lO4WD4F/rVNCu3HqELle0jiPLLBs70cWOduZpkS1E78=
github.com/dgryski/go-rendezvous v0.0.0-20200823014737-9f7001d12a5f/go.mod h1:cuUVRXasLTGF7a8hSLbxyZXjz+1KgoB3wDUb6vlszIc=
github.com/fatih/color v1.16.0 h1:zmkK9Ngbjj+K0yRhTVONQh1p/HknKYSlNT+vZCzyokM=
github.com/fatih/color v1.16.0/go.mod h1:fL2Sau1YI5c0pdGEVCbKQbLXB6edEj1ZgiY4NijnWvE=
github.com/fsnotify/fsnotify v1.4.9 h1:hsms1Qyu0jgnwNXIxa+/V/PDsU6CfLf6CNO8H7IWoS4=
github.com/fsnotify/fsnotify v1.4.9/go.mod h1:znqG4EE+3YCdAaPaxE2ZRY/06pZUdp0tY4IgpuI1SZQ=
github.com/go-jose/go-jose/v4 v4.0.4 h1:VsjPI33J0SB9vQM6PLmNjoHqMQNGPiZ0rHL7Ni7Q6/E=
github.com/go-jose/go-jose/v4 v4.0.4/go.mod h1:NKb5HO1EZccyMpiZNbdUw/14tiXNyUJh188dfnMCAfc=
github.com/go-logr/logr v1.2.2/go.mod h1:jdQByPbusPIv2/zmleS9BjJVeZ6kBagPoEUsqbVz/1A=
github.com/go-logr/logr v1.4.2 h1:6pFjapn8bFcIbiKo3XT4j/BhANplGihG6tvd+8rYgrY=
github.com/go-logr/logr v1.4.2/go.mod h1:9T104GzyrTigFIr8wt5mBrctHMim0Nb2HLGrmQ40KvY=
github.com/go-logr/stdr v1.2.2 h1:hSWxHoqTgW2S2qGc0LTAI563KZ5YKYRhT3MFKZMbjag=
github.com/go-logr/stdr v1.2.2/go.mod h1:mMo/vtBO5dYbehREoey6XUKy/eSumjCCveDpRre4VKE=
github.com/go-redis/redis/v8 v8.11.5 h1:AcZZR7igkdvfVmQTPnu9WE37LRrO/YrBH5zWyjDC0oI=
github.com/go-redis/redis/v8 v8.11.5/go.mod h1:gREzHqY1hg6oD9ngVRbLStwAWKhA0FEgq8Jd4h5lpwo=
github.com/go-sql-driver/mysql v1.8.1 h1:LedoTUt/eveggdHS9qUFC1EFSa8bU2+1pZjSRpvNJ1Y=
github.com/go-sql-driver/mysql v1.8.1/go.mod h1:wEBSXgmK//2ZFJyE+qWnIsVGmvmEKlqwuVSjsCm7DZg=
github.com/go-test/deep v1.0.2 h1:onZX1rnHT3Wv6cqNgYyFOOlgVKJrksuCMCRvJStbMYw=
github.com/go-test/deep v1.0.2/go.mod h1:wGDj63lr65AM2AQyKZd/NYHGb0R+1RLqB8NKt3aSFNA=
github.com/golang-jwt/jwt/v4 v4.5.2 h1:YtQM7lnr8iZ+j5q71MGKkNw9Mn7AjHM68uc9g5fXeUI=
github.com/golang-jwt/jwt/v4 v4.5.2/go.mod h1:m21LjoU+eqJr34lmDMbreY2eSTRJ1cv77w39/MY0Ch0=
github.com/golang/protobuf v1.5.4 h1:i7eJL8qZTpSEXOPTxNKhASYpMn+8e5Q6AdndVa1dWek=
github.com/golang/protobuf v1.5.4/go.mod h1:lnTiLA8Wa4RWRcIUkrtSVa5nRhsEGBg48fD6rSs7xps=
github.com/google/go-cmp v0.6.0 h1:ofyhxvXcZhMsU5ulbFiLKl/XBFqE1GSq7atu8tAmTRI=
github.com/google/go-cmp v0.6.0/go.mod h1:17dUlkBOakJ0+DkrSSNjCkIjxS6bF9zb3elmeNGIjoY=
github.com/google/uuid v1.6.0 h1:NIvaJDMOsjHA8n1jAhLSgzrAzy1Hgr+hNrb57e+94F0=
github.com/google/uuid v1.6.0/go.mod h1:TIyPZe4MgqvfeYDBFedMoGGpEw/LqOeaOT+nhxU+yHo=
github.com/hashicorp/errwrap v1.0.0/go.mod h1:YH+1FKiLXxHSkmPseP+kNlulaMuP3n2brvKWEqk/Jc4=
github.com/hashicorp/errwrap v1.1.0 h1:OxrOeh75EUXMY8TBjag2fzXGZ40LB6IKw45YeGUDY2I=
github.com/hashicorp/errwrap v1.1.0/go.mod h1:YH+1FKiLXxHSkmPseP+kNlulaMuP3n2brvKWEqk/Jc4=
github.com/hashicorp/go-cleanhttp v0.5.2 h1:035FKYIWjmULyFRBKPs8TBQoi0x6d9G4xc9neXJWAZQ=
github.com/hashicorp/go-cleanhttp v0.5.2/go.mod h1:kO/YDlP8L1346E6Sodw+PrpBSV4/SoxCXGY6BqNFT48=
github.com/hashicorp/go-hclog v0.9.2/go.mod h1:5CU+agLiy3J7N7QjHK5d05KxGsuXiQLrjA0H7acj2lQ=
github.com/hashicorp/go-hclog v0.16.2 h1:K4ev2ib4LdQETX5cSZBG0DVLk1jwGqSPXBjdah3veNs=
github.com/hashicorp/go-hclog v0.16.2/go.mod h1:whpDNt7SSdeAju8AWKIWsul05p54N/39EeqMAyrmvFQ=
github.com/hashicorp/go-multierror v1.1.1 h1:H5DkEtf6CXdFp0N0Em5UCwQpXMWke8IA0+lD48awMYo=
github.com/hashicorp/go-multierror v1.1.1/go.mod h1:iw975J/qwKPdAO1clOe2L8331t/9/fmwbPZ6JB6eMoM=
github.com/hashicorp/go-retryablehttp v0.7.5 h1:bJj+Pj19UZMIweq/iie+1u5YCdGrnxCT9yvm0e+Nd5M=
github.com/hashicorp/go-retryablehttp v0.7.5/go.mod h1:Jy/gPYAdjqffZ/yFGCFV2doI5wjtH1ewM9u8iYVjtX8=
github.com/hashicorp/go-rootcerts v1.0.2 h1:jzhAVGtqPKbwpyCPELlgNWhE1znq+qwJtW5Oi2viEzc=
github.com/hashicorp/go-rootcerts v1.0.2/go.mod h1:pqUvnprVnM5bf7AOirdbb01K4ccR319Vf4pU3K5EGc8=
github.com/hashicorp/go-secure-stdlib/parseutil v0.1.8 h1:iBt4Ew4XEGLfh6/bPk4rSYmuZJGizr6/x/AEizP0CQc=
github.com/hashicorp/go-secure-stdlib/parseutil v0.1.8/go.mod h1:aiJI+PIApBRQG7FZTEBx5GiiX+HbOHilUdNxUZi4eV0=
github.com/hashicorp/go-secure-stdlib/strutil v0.1.2 h1:kes8mmyCpxJsI7FTwtzRqEy9CdjCtrXrXGuOpxEA7Ts=
github.com/hashicorp/go-secure-stdlib/strutil v0.1.2/go.mod h1:Gou2R9+il93BqX25LAKCLuM+y9U2T4hlwvT1yprcna4=
github.com/hashicorp/go-sockaddr v1.0.6 h1:RSG8rKU28VTUTvEKghe5gIhIQpv8evvNpnDEyqO4u9I=
github.com/hashicorp/go-sockaddr v1.0.6/go.mod h1:uoUUmtwU7n9Dv3O4SNLeFvg0SxQ3lyjsj6+CCykpaxI=
github.com/hashicorp/hcl v1.0.0 h1:0Anlzjpi4vEasTeNFn2mLJgTSwt0+6sfsiTG8qcWGx4=
github.com/hashicorp/hcl v1.0.0/go.mod h1:E5yfLk+7swimpb2L/Alb/PJmXilQ/rhwaUYs4T20WEQ=
github.com/hashicorp/vault/api v1.13.0 h1:RTCGpE2Rgkn9jyPcFlc7YmNocomda44k5ck8FKMH41Y=
github.com/hashicorp/vault/api v1.13.0/go.mod h1:0cb/uZUv1w2cVu9DIvuW1SMlXXC6qtATJt+LXJRx+kg=
github.com/jmoiron/sqlx v1.4.0 h1:1PLqN7S1UYp5t4SrVVnt4nUVNemrDAtxlulVe+Qgm3o=
github.com/jmoiron/sqlx v1.4.0/go.mod h1:ZrZ7UsYB/weZdl2Bxg6jCRO9c3YHl8r3ahlKmRT4JLY=
github.com/joho/godotenv v1.5.1 h1:7eLL/+HRGLY0ldzfGMeQkb7vMd0as4CfYvUVzLqw0N0=
github.com/joho/godotenv v1.5.1/go.mod h1:f4LDr5Voq0i2e/R5DDNOoa2zzDfwtkZa6DnEwAbqwq4=
github.com/josharian/intern v1.0.0 h1:vlS4z54oSdjm0bgjRigI+G1HpF+tI+9rE5LLzOg8HmY=
github.com/josharian/intern v1.0.0/go.mod h1:5DoeVV0s6jJacbCEi61lwdGj/aVlrQvzHFFd8Hwg//Y=
github.com/klauspost/compress v1.17.7 h1:ehO88t2UGzQK66LMdE8tibEd1ErmzZjNEqWkjLAKQQg=
github.com/klauspost/compress v1.17.7/go.mod h1:Di0epgTjJY877eYKx5yC51cX2A2Vl2ibi7bDH9ttBbw=
github.com/lib/pq v1.10.9 h1:YXG7RB+JIjhP29X+OtkiDnYaXQwpS4JEWq7dtCCRUEw=
github.com/lib/pq v1.10.9/go.mod h1:AlVN5x4E4T544tWzH6hKfbfQvm3HdbOxrmggDNAPY9o=
github.com/mailru/easyjson v0.9.0 h1:PrnmzHw7262yW8sTBwxi1PdJA3Iw/EKBa8psRf7d9a4=
github.com/mailru/easyjson v0.9.0/go.mod h1:1+xMtQp2MRNVL/V1bOzuP3aP8VNwRW55fQUto+XFtTU=
github.com/mattn/go-colorable v0.1.13 h1:fFA4WZxdEF4tXPZVKMLwD8oUnCTTo08duU7wxecdEvA=
github.com/mattn/go-colorable v0.1.13/go.mod h1:7S9/ev0klgBDR4GtXTXX8a3vIGJpMovkB8vQcUbaXHg=
github.com/mattn/go-isatty v0.0.20 h1:xfD0iDuEKnDkl03q4limB+vH+GxLEtL/jb4xVJSWWEY=
github.com/mattn/go-isatty v0.0.20/go.mod h1:W+V8PltTTMOvKvAeJH7IuucS94S2C6jfK/D7dTCTo3Y=
github.com/mattn/go-sqlite3 v1.14.22 h1:2gZY6PC6kBnID23Tichd1K+Z0oS6nE/XwU+Vz/5o4kU=
github.com/mattn/go-sqlite3 v1.14.22/go.mod h1:Uh1q+B4BYcTPb+yiD3kU8Ct7aC0hY9fxUwlHK0RXw+Y=
github.com/mitchellh/go-homedir v1.1.0 h1:lukF9ziXFxDFPkA1vsr5zpc1XuPDn/wFntq5mG+4E0Y=
github.com/mitchellh/go-homedir v1.1.0/go.mod h1:SfyaCUpYCn1Vlf4IUYiD9fPX4A5wJrkLzIz1N1q0pr0=
github.com/mitchellh/mapstructure v1.5.0 h1:jeMsZIYE/09sWLaz43PL7Gy6RuMjD2eJVyuac5Z2hdY=
github.com/mitchellh/mapstructure v1.5.0/go.mod h1:bFUtVrKA4DC2yAKiSyO/QUcy7e+RRV2QTWOzhPopBRo=
github.com/nats-io/nats.go v1.36.0 h1:suEUPuWzTSse/XhESwqLxXGuj8vGRuPRoG7MoRN/qyU=
github.com/nats-io/nats.go v1.36.0/go.mod h1:Ubdu4Nh9exXdSz0RVWRFBbRfrbSxOYd26oF0wkWclB8=
github.com/nats-io/nkeys v0.4.7 h1:RwNJbbIdYCoClSDNY7QVKZlyb/wfT6ugvFCiKy6vDvI=
github.com/nats-io/nkeys v0.4.7/go.mod h1:kqXRgRDPlGy7nGaEDMuYzmiJCIAAWDK0IMBtDmGD0nc=
github.com/nats-io/nuid v1.0.1 h1:5iA8DT8V7q8WK2EScv2padNa/rTESc1KdnPw4TC2paw=
github.com/nats-io/nuid v1.0.1/go.mod h1:19wcPz3Ph3q0Jbyiqsd0kePYG7A95tJPxeL+1OSON2c=
github.com/nxadm/tail v1.4.8 h1:nPr65rt6Y5JFSKQO7qToXr7pePgD6Gwiw05lkbyAQTE=
github.com/nxadm/tail v1.4.8/go.mod h1:+ncqLTQzXmGhMZNUePPaPqPvBxHAIsmXswZKocGu+AU=
github.com/onsi/ginkgo v1.16.5 h1:8xi0RTUf59SOSfEtZMvwTvXYMzG4gV23XVHOZiXNtnE=
github.com/onsi/ginkgo v1.16.5/go.mod h1:+E8gABHa3K6zRBolWtd+ROzc/U5bkGt0FwiG042wbpU=
github.com/onsi/gomega v1.18.1 h1:M1GfJqGRrBrrGGsbxzV5dqM2U2ApXefZCQpkukxYRLE=
github.com/onsi/gomega v1.18.1/go.mod h1:0q+aL8jAiMXy9hbwj2mr5GziHiwhAIQpFmmtT5hitRs=
github.com/pmezard/go-difflib v1.0.0 h1:4DBwDE0NGyQoBHbLQYPwSUPoCMWR5BEzIk/f1lZbAQM=
github.com/pmezard/go-difflib v1.0.0/go.mod h1:iKH77koFhYxTK1pcRnkKkqfTogsbg7gZNVY4sRDYZ/4=
github.com/ryanuber/go-glob v1.0.0 h1:iQh3xXAumdQ+4Ufa5b25cRpC5TYKlno6hsv6Cb3pkBk=
github.com/ryanuber/go-glob v1.0.0/go.mod h1:807d1WSdnB0XRJzKNil9Om6lcp/3a0v4qIHxIXzX/Yc=
github.com/stretchr/testify v1.2.2/go.mod h1:a8OnRcib4nhh0OaRAV+Yts87kKdq0PP7pXfy6kDkUVs=
github.com/stretchr/testify v1.10.0 h1:Xv5erBjTwe/5IxqUQTdXv5kgmIvbHo3QQyRwhJsOfJA=
github.com/stretchr/testify v1.10.0/go.mod h1:r2ic/lqez/lEtzL7wO/rwa5dbSLXVDPFyf8C91i36aY=
go.opentelemetry.io/auto/sdk v1.1.0 h1:cH53jehLUN6UFLY71z+NDOiNJqDdPRaXzTel0sJySYA=
go.opentelemetry.io/auto/sdk v1.1.0/go.mod h1:3wSPjt5PWp2RhlCcmmOial7AvC4DQqZb7a7wCow3W8A=
go.opentelemetry.io/contrib/instrumentation/google.golang.org/grpc/otelgrpc v0.50.0 h1:zvpPXY7RfYAGSdYQLjp6zxdJNSYD/+FFoCTQN9IPxBs=
go.opentelemetry.io/contrib/instrumentation/google.golang.org/grpc/otelgrpc v0.50.0/go.mod h1:BMn8NB1vsxTljvuorms2hyOs8IBuuBEq0pl7ltOfy30=
go.opentelemetry.io/otel v1.34.0 h1:zRLXxLCgL1WyKsPVrgbSdMN4c0FMkDAskSTQP+0hdUY=
go.opentelemetry.io/otel v1.34.0/go.mod h1:OWFPOQ+h4G8xpyjgqo4SxJYdDQ/qmRH+wivy7zzx9oI=
go.opentelemetry.io/otel/metric v1.34.0 h1:+eTR3U0MyfWjRDhmFMxe2SsW64QrZ84AOhvqS7Y+PoQ=
go.opentelemetry.io/otel/metric v1.34.0/go.mod h1:CEDrp0fy2D0MvkXE+dPV7cMi8tWZwX3dmaIhwPOaqHE=
go.opentelemetry.io/otel/sdk v1.34.0 h1:95zS4k/2GOy069d321O8jWgYsW3MzVV+KuSPKp7Wr1A=
go.opentelemetry.io/otel/sdk v1.34.0/go.mod h1:0e/pNiaMAqaykJGKbi+tSjWfNNHMTxoC9qANsCzbyxU=
go.opentelemetry.io/otel/sdk/metric v1.34.0 h1:5CeK9ujjbFVL5c1PhLuStg1wxA7vQv7ce1EK0Gyvahk=
go.opentelemetry.io/otel/sdk/metric v1.34.0/go.mod h1:jQ/r8Ze28zRKoNRdkjCZxfs6YvBTG1+YIqyFVFYec5w=
go.opentelemetry.io/otel/trace v1.34.0 h1:+ouXS2V8Rd4hp4580a8q23bg0azF2nI8cqLYnC8mh/k=
go.opentelemetry.io/otel/trace v1.34.0/go.mod h1:Svm7lSjQD7kG7KJ/MUHPVXSDGz2OX4h0M2jHBhmSfRE=
go.uber.org/goleak v1.3.0 h1:2K3zAYmnTNqV73imy9J1T3WC+gmCePx2hEGkimedGto=
go.uber.org/goleak v1.3.0/go.mod h1:CoHD4mav9JJNrW/WLlf7HGZPjdw8EucARQHekz1X6bE=
go.uber.org/multierr v1.11.0 h1:blXXJkSxSSfBVBlC76pxqeO+LN3aDfLQo+309xJstO0=
go.uber.org/multierr v1.11.0/go.mod h1:20+QtiLqy0Nd6FdQB9TLXag12DsQkrbs3htMFfDN80Y=
go.uber.org/zap v1.27.0 h1:aJMhYGrd5QSmlpLMr2MftRKl7t8J8PTZPA732ud/XR8=
go.uber.org/zap v1.27.0/go.mod h1:GB2qFLM7cTU87MWRP2mPIjqfIDnGu+VIO4V/SdhGo2E=
golang.org/x/crypto v0.36.0 h1:AnAEvhDddvBdpY+uR+MyHmuZzzNqXSe/GvuDeob5L34=
golang.org/x/crypto v0.36.0/go.mod h1:Y4J0ReaxCR1IMaabaSMugxJES1EpwhBHhv2bDHklZvc=
golang.org/x/net v0.38.0 h1:vRMAPTMaeGqVhG5QyLJHqNDwecKTomGeqbnfZyKlBI8=
golang.org/x/net v0.38.0/go.mod h1:ivrbrMbzFq5J41QOQh0siUuly180yBYtLp+CKbEaFx8=
golang.org/x/sys v0.31.0 h1:ioabZlmFYtWhL+TRYpcnNlLwhyxaM9kWTDEmfnprqik=
golang.org/x/sys v0.31.0/go.mod h1:BJP2sWEmIv4KK5OTEluFJCKSidICx8ciO85XgH3Ak8k=
golang.org/x/text v0.23.0 h1:D71I7dUrlY+VX0gQShAThNGHFxZ13dGLBHQLVl1mJlY=
golang.org/x/text v0.23.0/go.mod h1:/BLNzu4aZCJ1+kcD0DNRotWKage4q2rGVAg4o22unh4=
golang.org/x/time v0.5.0 h1:o7cqy6amK/52YcAKIPlM3a+Fpj35zvRj2TP+e1xFSfk=
golang.org/x/time v0.5.0/go.mod h1:3BpzKBy/shNhVucY/MWOyx10tF3SFh9QdLuxbVysPQM=
google.golang.org/genproto/googleapis/rpc v0.0.0-20250218202821-56aae31c358a h1:51aaUVRocpvUOSQKM6Q7VuoaktNIaMCLuhZB6DKksq4=
google.golang.org/genproto/googleapis/rpc v0.0.0-20250218202821-56aae31c358a/go.mod h1:uRxBH1mhmO8PGhU89cMcHaXKZqO+OfakD8QQO0oYwlQ=
google.golang.org/grpc v1.72.0 h1:S7UkcVa60b5AAQTaO6ZKamFp1zMZSU0fGDK2WZLbBnM=
google.golang.org/grpc v1.72.0/go.mod h1:wH5Aktxcg25y1I3w7H69nHfXdOG3UiadoBtjh3izSDM=
google.golang.org/protobuf v1.36.6 h1:z1NpPI8ku2WgiWnf+t9wTPsn6eP1L7ksHUlkfLvd9xY=
google.golang.org/protobuf v1.36.6/go.mod h1:jduwjTPXsFjZGTmRluh+L6NjiWu7pchiJ2/5YcXBHnY=
gopkg.in/tomb.v1 v1.0.0-20141024135613-dd632973f1e7 h1:uRGJdciOHaEIrze2W8Q3AKkepLTh2hOroT7a+7czfdQ=
gopkg.in/tomb.v1 v1.0.0-20141024135613-dd632973f1e7/go.mod h1:dt/ZhP58zS4L8KSrWDmTeBkI65Dw0HsyUHuEVlX15mw=
gopkg.in/yaml.v2 v2.4.0 h1:D8xgwECY7CYvx+Y2n4sBz93Jn9JRvxdiyyo8CTfuKaY=
gopkg.in/yaml.v2 v2.4.0/go.mod h1:RDklbk79AGWmwhnvt/jBztapEOGDOx6ZbXqjP6csGnQ=
gopkg.in/yaml.v3 v3.0.1 h1:fxVm/GzAzEWqLHuvctI91KS9hhNmmWOoWu0XTYJS7CA=
gopkg.in/yaml.v3 v3.0.1/go.mod h1:K4uyk7z7BCEPqu6E+C64Yfv1cQ7kz7rIZviUmN+EgEM=
